
Microsoft Visual Studio Solution File, Format Version 12.00
# Visual Studio Version 17
VisualStudioVersion = 17.4.33403.182
MinimumVisualStudioVersion = 10.0.40219.1
Project("{9A19103F-16F7-4668-BE54-9A1E7A4F7556}") = "JobPortalDomain", "JobPortalDomain\JobPortalDomain.csproj", "{06D17703-E60B-450A-B7EC-4AEE7535D5EB}"
EndProject
Project("{9A19103F-16F7-4668-BE54-9A1E7A4F7556}") = "JobPortalWeb", "JobPortalWeb\JobPortalWeb.csproj", "{086F058E-60AB-41D3-A6A9-E60BE3EFAC6A}"
EndProject
Project("{9A19103F-16F7-4668-BE54-9A1E7A4F7556}") = "JobPortalInfrastructure", "JobPortalInfrastructure\JobPortalInfrastructure.csproj", "{5B23795C-4B71-4D06-98AB-86654D9EB07D}"
EndProject
Project("{9A19103F-16F7-4668-BE54-9A1E7A4F7556}") = "JobPortalLogic", "JobPortalLogic\JobPortalLogic.csproj", "{E1EC587F-3B4A-4036-A022-7E874848EEAD}"
EndProject
Project("{9A19103F-16F7-4668-BE54-9A1E7A4F7556}") = "JobPortalDesktop", "JobPortalDesktop\JobPortalDesktop.csproj", "{87B9EEF5-84C3-46FE-B0E9-F5DF1031DF4E}"
EndProject
Project("{9A19103F-16F7-4668-BE54-9A1E7A4F7556}") = "JobPortalTest", "JobPortalTest\JobPortalTest.csproj", "{A6062959-56F5-49E4-BFA1-A54F59A442B2}"
EndProject
Global
	GlobalSection(SolutionConfigurationPlatforms) = preSolution
		Debug|Any CPU = Debug|Any CPU
		Release|Any CPU = Release|Any CPU
	EndGlobalSection
	GlobalSection(ProjectConfigurationPlatforms) = postSolution
		{06D17703-E60B-450A-B7EC-4AEE7535D5EB}.Debug|Any CPU.ActiveCfg = Debug|Any CPU
		{06D17703-E60B-450A-B7EC-4AEE7535D5EB}.Debug|Any CPU.Build.0 = Debug|Any CPU
		{06D17703-E60B-450A-B7EC-4AEE7535D5EB}.Release|Any CPU.ActiveCfg = Release|Any CPU
		{06D17703-E60B-450A-B7EC-4AEE7535D5EB}.Release|Any CPU.Build.0 = Release|Any CPU
		{086F058E-60AB-41D3-A6A9-E60BE3EFAC6A}.Debug|Any CPU.ActiveCfg = Debug|Any CPU
		{086F058E-60AB-41D3-A6A9-E60BE3EFAC6A}.Debug|Any CPU.Build.0 = Debug|Any CPU
		{086F058E-60AB-41D3-A6A9-E60BE3EFAC6A}.Release|Any CPU.ActiveCfg = Release|Any CPU
		{086F058E-60AB-41D3-A6A9-E60BE3EFAC6A}.Release|Any CPU.Build.0 = Release|Any CPU
		{5B23795C-4B71-4D06-98AB-86654D9EB07D}.Debug|Any CPU.ActiveCfg = Debug|Any CPU
		{5B23795C-4B71-4D06-98AB-86654D9EB07D}.Debug|Any CPU.Build.0 = Debug|Any CPU
		{5B23795C-4B71-4D06-98AB-86654D9EB07D}.Release|Any CPU.ActiveCfg = Release|Any CPU
		{5B23795C-4B71-4D06-98AB-86654D9EB07D}.Release|Any CPU.Build.0 = Release|Any CPU
		{E1EC587F-3B4A-4036-A022-7E874848EEAD}.Debug|Any CPU.ActiveCfg = Debug|Any CPU
		{E1EC587F-3B4A-4036-A022-7E874848EEAD}.Debug|Any CPU.Build.0 = Debug|Any CPU
		{E1EC587F-3B4A-4036-A022-7E874848EEAD}.Release|Any CPU.ActiveCfg = Release|Any CPU
		{E1EC587F-3B4A-4036-A022-7E874848EEAD}.Release|Any CPU.Build.0 = Release|Any CPU
		{87B9EEF5-84C3-46FE-B0E9-F5DF1031DF4E}.Debug|Any CPU.ActiveCfg = Debug|Any CPU
		{87B9EEF5-84C3-46FE-B0E9-F5DF1031DF4E}.Debug|Any CPU.Build.0 = Debug|Any CPU
		{87B9EEF5-84C3-46FE-B0E9-F5DF1031DF4E}.Release|Any CPU.ActiveCfg = Release|Any CPU
		{87B9EEF5-84C3-46FE-B0E9-F5DF1031DF4E}.Release|Any CPU.Build.0 = Release|Any CPU
		{A6062959-56F5-49E4-BFA1-A54F59A442B2}.Debug|Any CPU.ActiveCfg = Debug|Any CPU
		{A6062959-56F5-49E4-BFA1-A54F59A442B2}.Debug|Any CPU.Build.0 = Debug|Any CPU
		{A6062959-56F5-49E4-BFA1-A54F59A442B2}.Release|Any CPU.ActiveCfg = Release|Any CPU
		{A6062959-56F5-49E4-BFA1-A54F59A442B2}.Release|Any CPU.Build.0 = Release|Any CPU
	EndGlobalSection
	GlobalSection(SolutionProperties) = preSolution
		HideSolutionNode = FALSE
	EndGlobalSection
	GlobalSection(ExtensibilityGlobals) = postSolution
		SolutionGuid = {CFACC87D-189C-41A1-A947-0653F90B7F97}
	EndGlobalSection
EndGlobal
